
Microsoft Visual Studio Solution File, Format Version 12.00
# Visual Studio 15
VisualStudioVersion = 15.0.28307.168
MinimumVisualStudioVersion = 10.0.40219.1
Project("{FAE04EC0-301F-11D3-BF4B-00C04F79EFBC}") = "BoomProject", "BoomProject\BoomProject.csproj", "{343FE6B8-E245-4ECD-A0B5-C0ADAAE4D66D}"
EndProject
Global
	GlobalSection(SolutionConfigurationPlatforms) = preSolution
		Debug|Any CPU = Debug|Any CPU
		Release|Any CPU = Release|Any CPU
	EndGlobalSection
	GlobalSection(ProjectConfigurationPlatforms) = postSolution
		{343FE6B8-E245-4ECD-A0B5-C0ADAAE4D66D}.Debug|Any CPU.ActiveCfg = Debug|Any CPU
		{343FE6B8-E245-4ECD-A0B5-C0ADAAE4D66D}.Debug|Any CPU.Build.0 = Debug|Any CPU
		{343FE6B8-E245-4ECD-A0B5-C0ADAAE4D66D}.Release|Any CPU.ActiveCfg = Release|Any CPU
		{343FE6B8-E245-4ECD-A0B5-C0ADAAE4D66D}.Release|Any CPU.Build.0 = Release|Any CPU
	EndGlobalSection
	GlobalSection(SolutionProperties) = preSolution
		HideSolutionNode = FALSE
	EndGlobalSection
	GlobalSection(ExtensibilityGlobals) = postSolution
		SolutionGuid = {02DE2E5D-ADCA-4755-ADCA-D8A6A28A48E4}
	EndGlobalSection
EndGlobal
