
Microsoft Visual Studio Solution File, Format Version 12.00
# Visual Studio 15
VisualStudioVersion = 15.0.28307.168
MinimumVisualStudioVersion = 10.0.40219.1
Project("{FAE04EC0-301F-11D3-BF4B-00C04F79EFBC}") = "BoomProject", "BoomProject\BoomProject.csproj", "{3AD880AF-8785-4161-A16E-E14CCDF09968}"
EndProject
Global
	GlobalSection(SolutionConfigurationPlatforms) = preSolution
		Debug|Any CPU = Debug|Any CPU
		Release|Any CPU = Release|Any CPU
	EndGlobalSection
	GlobalSection(ProjectConfigurationPlatforms) = postSolution
		{3AD880AF-8785-4161-A16E-E14CCDF09968}.Debug|Any CPU.ActiveCfg = Debug|Any CPU
		{3AD880AF-8785-4161-A16E-E14CCDF09968}.Debug|Any CPU.Build.0 = Debug|Any CPU
		{3AD880AF-8785-4161-A16E-E14CCDF09968}.Release|Any CPU.ActiveCfg = Release|Any CPU
		{3AD880AF-8785-4161-A16E-E14CCDF09968}.Release|Any CPU.Build.0 = Release|Any CPU
	EndGlobalSection
	GlobalSection(SolutionProperties) = preSolution
		HideSolutionNode = FALSE
	EndGlobalSection
	GlobalSection(ExtensibilityGlobals) = postSolution
		SolutionGuid = {50E4C38D-3F94-439F-B772-5A892AB19061}
	EndGlobalSection
EndGlobal
